
Microsoft Visual Studio Solution File, Format Version 12.00
# Visual Studio Version 17
VisualStudioVersion = 17.10.35004.147
MinimumVisualStudioVersion = 10.0.40219.1
Project("{FAE04EC0-301F-11D3-BF4B-00C04F79EFBC}") = "WhiteBoardBoys", "WhiteBoardBoys.csproj", "{8EE1E9D7-3CA4-4EB3-A19F-536CF87AAC95}"
EndProject
Global
	GlobalSection(SolutionConfigurationPlatforms) = preSolution
		Debug|Any CPU = Debug|Any CPU
		Release|Any CPU = Release|Any CPU
	EndGlobalSection
	GlobalSection(ProjectConfigurationPlatforms) = postSolution
		{8EE1E9D7-3CA4-4EB3-A19F-536CF87AAC95}.Debug|Any CPU.ActiveCfg = Debug|Any CPU
		{8EE1E9D7-3CA4-4EB3-A19F-536CF87AAC95}.Debug|Any CPU.Build.0 = Debug|Any CPU
		{8EE1E9D7-3CA4-4EB3-A19F-536CF87AAC95}.Release|Any CPU.ActiveCfg = Release|Any CPU
		{8EE1E9D7-3CA4-4EB3-A19F-536CF87AAC95}.Release|Any CPU.Build.0 = Release|Any CPU
	EndGlobalSection
	GlobalSection(SolutionProperties) = preSolution
		HideSolutionNode = FALSE
	EndGlobalSection
	GlobalSection(ExtensibilityGlobals) = postSolution
		SolutionGuid = {9CA03CAA-2C5B-46E8-9E71-D401C5AC66D4}
	EndGlobalSection
EndGlobal
